
Microsoft Visual Studio Solution File, Format Version 12.00
# Visual Studio Version 17
VisualStudioVersion = 17.13.35931.197 d17.13
MinimumVisualStudioVersion = 10.0.40219.1
Project("{FAE04EC0-301F-11D3-BF4B-00C04F79EFBC}") = "RPG-Console", "RPG-Console\RPG-Console.csproj", "{F059A86A-7F54-4BD7-BA9E-45A81D5800BD}"
EndProject
Global
	GlobalSection(SolutionConfigurationPlatforms) = preSolution
		Debug|Any CPU = Debug|Any CPU
		Release|Any CPU = Release|Any CPU
	EndGlobalSection
	GlobalSection(ProjectConfigurationPlatforms) = postSolution
		{F059A86A-7F54-4BD7-BA9E-45A81D5800BD}.Debug|Any CPU.ActiveCfg = Debug|Any CPU
		{F059A86A-7F54-4BD7-BA9E-45A81D5800BD}.Debug|Any CPU.Build.0 = Debug|Any CPU
		{F059A86A-7F54-4BD7-BA9E-45A81D5800BD}.Release|Any CPU.ActiveCfg = Release|Any CPU
		{F059A86A-7F54-4BD7-BA9E-45A81D5800BD}.Release|Any CPU.Build.0 = Release|Any CPU
	EndGlobalSection
	GlobalSection(SolutionProperties) = preSolution
		HideSolutionNode = FALSE
	EndGlobalSection
	GlobalSection(ExtensibilityGlobals) = postSolution
		SolutionGuid = {78371A52-7193-42B2-B2E3-5FB788206531}
	EndGlobalSection
EndGlobal
